Microsoft Visual Studio Solution File, Format Version 12.00
# Visual Studio Version 17
VisualStudioVersion = 17.5.2.0
MinimumVisualStudioVersion = 10.0.40219.1
Project("{FAE04EC0-301F-11D3-BF4B-00C04F79EFBC}") = "BlackjackAvalonia", "BlackjackAvalonia.csproj", "{B226F28F-9027-8F0C-B84A-5927CEDD3EED}"
EndProject
Global
	GlobalSection(SolutionConfigurationPlatforms) = preSolution
		Debug|Any CPU = Debug|Any CPU
		Release|Any CPU = Release|Any CPU
	EndGlobalSection
	GlobalSection(ProjectConfigurationPlatforms) = postSolution
		{B226F28F-9027-8F0C-B84A-5927CEDD3EED}.Debug|Any CPU.ActiveCfg = Debug|Any CPU
		{B226F28F-9027-8F0C-B84A-5927CEDD3EED}.Debug|Any CPU.Build.0 = Debug|Any CPU
		{B226F28F-9027-8F0C-B84A-5927CEDD3EED}.Release|Any CPU.ActiveCfg = Release|Any CPU
		{B226F28F-9027-8F0C-B84A-5927CEDD3EED}.Release|Any CPU.Build.0 = Release|Any CPU
	EndGlobalSection
	GlobalSection(SolutionProperties) = preSolution
		HideSolutionNode = FALSE
	EndGlobalSection
	GlobalSection(ExtensibilityGlobals) = postSolution
		SolutionGuid = {42E6AFAD-B90A-4A1D-A3C7-36E9B1CB64FF}
	EndGlobalSection
EndGlobal
